// !$*UTF8*$!
{
	archiveVersion = 1;
	classes = {
	};
	objectVersion = 52;
	objects = {

/* Begin PBXBuildFile section */
		D677B545252C56F100F66124 /* AppDelegate.swift in Sources */ = {isa = PBXBuildFile; fileRef = D677B544252C56F100F66124 /* AppDelegate.swift */; };
		D677B547252C56F100F66124 /* SceneDelegate.swift in Sources */ = {isa = PBXBuildFile; fileRef = D677B546252C56F100F66124 /* SceneDelegate.swift */; };
		D677B549252C56F100F66124 /* ContentView.swift in Sources */ = {isa = PBXBuildFile; fileRef = D677B548252C56F100F66124 /* ContentView.swift */; };
		D677B54B252C56F200F66124 /* Assets.xcassets in Resources */ = {isa = PBXBuildFile; fileRef = D677B54A252C56F200F66124 /* Assets.xcassets */; };
		D677B54E252C56F200F66124 /* Preview Assets.xcassets in Resources */ = {isa = PBXBuildFile; fileRef = D677B54D252C56F200F66124 /* Preview Assets.xcassets */; };
		D677B551252C56F200F66124 /* LaunchScreen.storyboard in Resources */ = {isa = PBXBuildFile; fileRef = D677B54F252C56F200F66124 /* LaunchScreen.storyboard */; };
		D677B562252C578100F66124 /* ProfileHeader.swift in Sources */ = {isa = PBXBuildFile; fileRef = D677B561252C578100F66124 /* ProfileHeader.swift */; };
		D677B566252C5F4000F66124 /* ASCollectionView in Frameworks */ = {isa = PBXBuildFile; productRef = D677B565252C5F4000F66124 /* ASCollectionView */; };
		D677B569252C5FA700F66124 /* Post.swift in Sources */ = {isa = PBXBuildFile; fileRef = D677B568252C5FA700F66124 /* Post.swift */; };
		D6BCEB85252D6B5A00455CAC /* PostCell.swift in Sources */ = {isa = PBXBuildFile; fileRef = D6BCEB84252D6B5A00455CAC /* PostCell.swift */; };
		D6BCEB88252D6CF000455CAC /* PostViewModel.swift in Sources */ = {isa = PBXBuildFile; fileRef = D6BCEB87252D6CEF00455CAC /* PostViewModel.swift */; };
/* End PBXBuildFile section */

/* Begin PBXFileReference section */
		D677B541252C56F100F66124 /* InstagramProfileSwiftUI.app */ = {isa = PBXFileReference; explicitFileType = wrapper.application; includeInIndex = 0; path = InstagramProfileSwiftUI.app; sourceTree = BUILT_PRODUCTS_DIR; };
		D677B544252C56F100F66124 /* AppDelegate.swift */ = {isa = PBXFileReference; lastKnownFileType = sourcecode.swift; path = AppDelegate.swift; sourceTree = "<group>"; };
		D677B546252C56F100F66124 /* SceneDelegate.swift */ = {isa = PBXFileReference; lastKnownFileType = sourcecode.swift; path = SceneDelegate.swift; sourceTree = "<group>"; };
		D677B548252C56F100F66124 /* ContentView.swift */ = {isa = PBXFileReference; lastKnownFileType = sourcecode.swift; path = ContentView.swift; sourceTree = "<group>"; };
		D677B54A252C56F200F66124 /* Assets.xcassets */ = {isa = PBXFileReference; lastKnownFileType = folder.assetcatalog; path = Assets.xcassets; sourceTree = "<group>"; };
		D677B54D252C56F200F66124 /* Preview Assets.xcassets */ = {isa = PBXFileReference; lastKnownFileType = folder.assetcatalog; path = "Preview Assets.xcassets"; sourceTree = "<group>"; };
		D677B550252C56F200F66124 /* Base */ = {isa = PBXFileReference; lastKnownFileType = file.storyboard; name = Base; path = Base.lproj/LaunchScreen.storyboard; sourceTree = "<group>"; };
		D677B552252C56F200F66124 /* Info.plist */ = {isa = PBXFileReference; lastKnownFileType = text.plist.xml; path = Info.plist; sourceTree = "<group>"; };
		D677B561252C578100F66124 /* ProfileHeader.swift */ = {isa = PBXFileReference; lastKnownFileType = sourcecode.swift; path = ProfileHeader.swift; sourceTree = "<group>"; };
		D677B568252C5FA700F66124 /* Post.swift */ = {isa = PBXFileReference; lastKnownFileType = sourcecode.swift; path = Post.swift; sourceTree = "<group>"; };
		D6BCEB84252D6B5A00455CAC /* PostCell.swift */ = {isa = PBXFileReference; lastKnownFileType = sourcecode.swift; path = PostCell.swift; sourceTree = "<group>"; };
		D6BCEB87252D6CEF00455CAC /* PostViewModel.swift */ = {isa = PBXFileReference; lastKnownFileType = sourcecode.swift; path = PostViewModel.swift; sourceTree = "<group>"; };
/* End PBXFileReference section */

/* Begin PBXFrameworksBuildPhase section */
		D677B53E252C56F100F66124 /* Frameworks */ = {
			isa = PBXFrameworksBuildPhase;
			buildActionMask = 2147483647;
			files = (
				D677B566252C5F4000F66124 /* ASCollectionView in Frameworks */,
			);
			runOnlyForDeploymentPostprocessing = 0;
		};
/* End PBXFrameworksBuildPhase section */

/* Begin PBXGroup section */
		D677B538252C56F100F66124 = {
			isa = PBXGroup;
			children = (
				D677B543252C56F100F66124 /* InstagramProfileSwiftUI */,
				D677B542252C56F100F66124 /* Products */,
			);
			sourceTree = "<group>";
		};
		D677B542252C56F100F66124 /* Products */ = {
			isa = PBXGroup;
			children = (
				D677B541252C56F100F66124 /* InstagramProfileSwiftUI.app */,
			);
			name = Products;
			sourceTree = "<group>";
		};
		D677B543252C56F100F66124 /* InstagramProfileSwiftUI */ = {
			isa = PBXGroup;
			children = (
				D677B55B252C573100F66124 /* Model */,
				D677B55A252C572F00F66124 /* View */,
				D677B559252C572D00F66124 /* ViewModel */,
				D677B544252C56F100F66124 /* AppDelegate.swift */,
				D677B546252C56F100F66124 /* SceneDelegate.swift */,
				D677B54A252C56F200F66124 /* Assets.xcassets */,
				D677B54F252C56F200F66124 /* LaunchScreen.storyboard */,
				D677B552252C56F200F66124 /* Info.plist */,
				D677B54C252C56F200F66124 /* Preview Content */,
			);
			path = InstagramProfileSwiftUI;
			sourceTree = "<group>";
		};
		D677B54C252C56F200F66124 /* Preview Content */ = {
			isa = PBXGroup;
			children = (
				D677B54D252C56F200F66124 /* Preview Assets.xcassets */,
			);
			path = "Preview Content";
			sourceTree = "<group>";
		};
		D677B559252C572D00F66124 /* ViewModel */ = {
			isa = PBXGroup;
			children = (
				D6BCEB87252D6CEF00455CAC /* PostViewModel.swift */,
			);
			path = ViewModel;
			sourceTree = "<group>";
		};
		D677B55A252C572F00F66124 /* View */ = {
			isa = PBXGroup;
			children = (
				D677B548252C56F100F66124 /* ContentView.swift */,
				D677B561252C578100F66124 /* ProfileHeader.swift */,
				D6BCEB84252D6B5A00455CAC /* PostCell.swift */,
			);
			path = View;
			sourceTree = "<group>";
		};
		D677B55B252C573100F66124 /* Model */ = {
			isa = PBXGroup;
			children = (
				D677B568252C5FA700F66124 /* Post.swift */,
			);
			path = Model;
			sourceTree = "<group>";
		};
/* End PBXGroup section */

/* Begin PBXNativeTarget section */
		D677B540252C56F100F66124 /* InstagramProfileSwiftUI */ = {
			isa = PBXNativeTarget;
			buildConfigurationList = D677B555252C56F200F66124 /* Build configuration list for PBXNativeTarget "InstagramProfileSwiftUI" */;
			buildPhases = (
				D677B53D252C56F100F66124 /* Sources */,
				D677B53E252C56F100F66124 /* Frameworks */,
				D677B53F252C56F100F66124 /* Resources */,
			);
			buildRules = (
			);
			dependencies = (
			);
			name = InstagramProfileSwiftUI;
			packageProductDependencies = (
				D677B565252C5F4000F66124 /* ASCollectionView */,
			);
			productName = InstagramProfileSwiftUI;
			productReference = D677B541252C56F100F66124 /* InstagramProfileSwiftUI.app */;
			productType = "com.apple.product-type.application";
		};
/* End PBXNativeTarget section */

/* Begin PBXProject section */
		D677B539252C56F100F66124 /* Project object */ = {
			isa = PBXProject;
			attributes = {
				LastSwiftUpdateCheck = 1200;
				LastUpgradeCheck = 1200;
				TargetAttributes = {
					D677B540252C56F100F66124 = {
						CreatedOnToolsVersion = 12.0.1;
					};
				};
			};
			buildConfigurationList = D677B53C252C56F100F66124 /* Build configuration list for PBXProject "InstagramProfileSwiftUI" */;
			compatibilityVersion = "Xcode 9.3";
			developmentRegion = en;
			hasScannedForEncodings = 0;
			knownRegions = (
				en,
				Base,
			);
			mainGroup = D677B538252C56F100F66124;
			packageReferences = (
				D677B564252C5F4000F66124 /* XCRemoteSwiftPackageReference "ASCollectionView" */,
			);
			productRefGroup = D677B542252C56F100F66124 /* Products */;
			projectDirPath = "";
			projectRoot = "";
			targets = (
				D677B540252C56F100F66124 /* InstagramProfileSwiftUI */,
			);
		};
/* End PBXProject section */

/* Begin PBXResourcesBuildPhase section */
		D677B53F252C56F100F66124 /* Resources */ = {
			isa = PBXResourcesBuildPhase;
			buildActionMask = 2147483647;
			files = (
				D677B551252C56F200F66124 /* LaunchScreen.storyboard in Resources */,
				D677B54E252C56F200F66124 /* Preview Assets.xcassets in Resources */,
				D677B54B252C56F200F66124 /* Assets.xcassets in Resources */,
			);
			runOnlyForDeploymentPostprocessing = 0;
		};
/* End PBXResourcesBuildPhase section */

/* Begin PBXSourcesBuildPhase section */
		D677B53D252C56F100F66124 /* Sources */ = {
			isa = PBXSourcesBuildPhase;
			buildActionMask = 2147483647;
			files = (
				D677B562252C578100F66124 /* ProfileHeader.swift in Sources */,
				D6BCEB88252D6CF000455CAC /* PostViewModel.swift in Sources */,
				D677B545252C56F100F66124 /* AppDelegate.swift in Sources */,
				D677B547252C56F100F66124 /* SceneDelegate.swift in Sources */,
				D677B549252C56F100F66124 /* ContentView.swift in Sources */,
				D677B569252C5FA700F66124 /* Post.swift in Sources */,
				D6BCEB85252D6B5A00455CAC /* PostCell.swift in Sources */,
			);
			runOnlyForDeploymentPostprocessing = 0;
		};
/* End PBXSourcesBuildPhase section */

/* Begin PBXVariantGroup section */
		D677B54F252C56F200F66124 /* LaunchScreen.storyboard */ = {
			isa = PBXVariantGroup;
			children = (
				D677B550252C56F200F66124 /* Base */,
			);
			name = LaunchScreen.storyboard;
			sourceTree = "<group>";
		};
/* End PBXVariantGroup section */

/* Begin XCBuildConfiguration section */
		D677B553252C56F200F66124 /* Debug */ = {
			isa = XCBuildConfiguration;
			buildSettings = {
				ALWAYS_SEARCH_USER_PATHS = NO;
				CLANG_ANALYZER_NONNULL = YES;
				CLANG_ANALYZER_NUMBER_OBJECT_CONVERSION = YES_AGGRESSIVE;
				CLANG_CXX_LANGUAGE_STANDARD = "gnu++14";
				CLANG_CXX_LIBRARY = "libc++";
				CLANG_ENABLE_MODULES = YES;
				CLANG_ENABLE_OBJC_ARC = YES;
				CLANG_ENABLE_OBJC_WEAK = YES;
				CLANG_WARN_BLOCK_CAPTURE_AUTORELEASING = YES;
				CLANG_WARN_BOOL_CONVERSION = YES;
				CLANG_WARN_COMMA = YES;
				CLANG_WARN_CONSTANT_CONVERSION = YES;
				CLANG_WARN_DEPRECATED_OBJC_IMPLEMENTATIONS = YES;
				CLANG_WARN_DIRECT_OBJC_ISA_USAGE = YES_ERROR;
				CLANG_WARN_DOCUMENTATION_COMMENTS = YES;
				CLANG_WARN_EMPTY_BODY = YES;
				CLANG_WARN_ENUM_CONVERSION = YES;
				CLANG_WARN_INFINITE_RECURSION = YES;
				CLANG_WARN_INT_CONVERSION = YES;
				CLANG_WARN_NON_LITERAL_NULL_CONVERSION = YES;
				CLANG_WARN_OBJC_IMPLICIT_RETAIN_SELF = YES;
				CLANG_WARN_OBJC_LITERAL_CONVERSION = YES;
				CLANG_WARN_OBJC_ROOT_CLASS = YES_ERROR;
				CLANG_WARN_QUOTED_INCLUDE_IN_FRAMEWORK_HEADER = YES;
				CLANG_WARN_RANGE_LOOP_ANALYSIS = YES;
				CLANG_WARN_STRICT_PROTOTYPES = YES;
				CLANG_WARN_SUSPICIOUS_MOVE = YES;
				CLANG_WARN_UNGUARDED_AVAILABILITY = YES_AGGRESSIVE;
				CLANG_WARN_UNREACHABLE_CODE = YES;
				CLANG_WARN__DUPLICATE_METHOD_MATCH = YES;
				COPY_PHASE_STRIP = NO;
				DEBUG_INFORMATION_FORMAT = dwarf;
				ENABLE_STRICT_OBJC_MSGSEND = YES;
				ENABLE_TESTABILITY = YES;
				GCC_C_LANGUAGE_STANDARD = gnu11;
				GCC_DYNAMIC_NO_PIC = NO;
				GCC_NO_COMMON_BLOCKS = YES;
				GCC_OPTIMIZATION_LEVEL = 0;
				GCC_PREPROCESSOR_DEFINITIONS = (
					"DEBUG=1",
					"$(inherited)",
				);
				GCC_WARN_64_TO_32_BIT_CONVERSION = YES;
				GCC_WARN_ABOUT_RETURN_TYPE = YES_ERROR;
				GCC_WARN_UNDECLARED_SELECTOR = YES;
				GCC_WARN_UNINITIALIZED_AUTOS = YES_AGGRESSIVE;
				GCC_WARN_UNUSED_FUNCTION = YES;
				GCC_WARN_UNUSED_VARIABLE = YES;
				IPHONEOS_DEPLOYMENT_TARGET = 14.0;
				MTL_ENABLE_DEBUG_INFO = INCLUDE_SOURCE;
				MTL_FAST_MATH = YES;
				ONLY_ACTIVE_ARCH = YES;
				SDKROOT = iphoneos;
				SWIFT_ACTIVE_COMPILATION_CONDITIONS = DEBUG;
				SWIFT_OPTIMIZATION_LEVEL = "-Onone";
			};
			name = Debug;
		};
		D677B554252C56F200F66124 /* Release */ = {
			isa = XCBuildConfiguration;
			buildSettings = {
				ALWAYS_SEARCH_USER_PATHS = NO;
				CLANG_ANALYZER_NONNULL = YES;
				CLANG_ANALYZER_NUMBER_OBJECT_CONVERSION = YES_AGGRESSIVE;
				CLANG_CXX_LANGUAGE_STANDARD = "gnu++14";
				CLANG_CXX_LIBRARY = "libc++";
				CLANG_ENABLE_MODULES = YES;
				CLANG_ENABLE_OBJC_ARC = YES;
				CLANG_ENABLE_OBJC_WEAK = YES;
				CLANG_WARN_BLOCK_CAPTURE_AUTORELEASING = YES;
				CLANG_WARN_BOOL_CONVERSION = YES;
				CLANG_WARN_COMMA = YES;
				CLANG_WARN_CONSTANT_CONVERSION = YES;
				CLANG_WARN_DEPRECATED_OBJC_IMPLEMENTATIONS = YES;
				CLANG_WARN_DIRECT_OBJC_ISA_USAGE = YES_ERROR;
				CLANG_WARN_DOCUMENTATION_COMMENTS = YES;
				CLANG_WARN_EMPTY_BODY = YES;
				CLANG_WARN_ENUM_CONVERSION = YES;
				CLANG_WARN_INFINITE_RECURSION = YES;
				CLANG_WARN_INT_CONVERSION = YES;
				CLANG_WARN_NON_LITERAL_NULL_CONVERSION = YES;
				CLANG_WARN_OBJC_IMPLICIT_RETAIN_SELF = YES;
				CLANG_WARN_OBJC_LITERAL_CONVERSION = YES;
				CLANG_WARN_OBJC_ROOT_CLASS = YES_ERROR;
				CLANG_WARN_QUOTED_INCLUDE_IN_FRAMEWORK_HEADER = YES;
				CLANG_WARN_RANGE_LOOP_ANALYSIS = YES;
				CLANG_WARN_STRICT_PROTOTYPES = YES;
				CLANG_WARN_SUSPICIOUS_MOVE = YES;
				CLANG_WARN_UNGUARDED_AVAILABILITY = YES_AGGRESSIVE;
				CLANG_WARN_UNREACHABLE_CODE = YES;
				CLANG_WARN__DUPLICATE_METHOD_MATCH = YES;
				COPY_PHASE_STRIP = NO;
				DEBUG_INFORMATION_FORMAT = "dwarf-with-dsym";
				ENABLE_NS_ASSERTIONS = NO;
				ENABLE_STRICT_OBJC_MSGSEND = YES;
				GCC_C_LANGUAGE_STANDARD = gnu11;
				GCC_NO_COMMON_BLOCKS = YES;
				GCC_WARN_64_TO_32_BIT_CONVERSION = YES;
				GCC_WARN_ABOUT_RETURN_TYPE = YES_ERROR;
				GCC_WARN_UNDECLARED_SELECTOR = YES;
				GCC_WARN_UNINITIALIZED_AUTOS = YES_AGGRESSIVE;
				GCC_WARN_UNUSED_FUNCTION = YES;
				GCC_WARN_UNUSED_VARIABLE = YES;
				IPHONEOS_DEPLOYMENT_TARGET = 14.0;
				MTL_ENABLE_DEBUG_INFO = NO;
				MTL_FAST_MATH = YES;
				SDKROOT = iphoneos;
				SWIFT_COMPILATION_MODE = wholemodule;
				SWIFT_OPTIMIZATION_LEVEL = "-O";
				VALIDATE_PRODUCT = YES;
			};
			name = Release;
		};
		D677B556252C56F200F66124 /* Debug */ = {
			isa = XCBuildConfiguration;
			buildSettings = {
				ASSETCATALOG_COMPILER_APPICON_NAME = AppIcon;
				ASSETCATALOG_COMPILER_GLOBAL_ACCENT_COLOR_NAME = AccentColor;
				CODE_SIGN_STYLE = Automatic;
				DEVELOPMENT_ASSET_PATHS = "\"InstagramProfileSwiftUI/Preview Content\"";
				DEVELOPMENT_TEAM = ND38VD9UA2;
				ENABLE_PREVIEWS = YES;
				INFOPLIST_FILE = InstagramProfileSwiftUI/Info.plist;
				LD_RUNPATH_SEARCH_PATHS = (
					"$(inherited)",
					"@executable_path/Frameworks",
				);
				PRODUCT_BUNDLE_IDENTIFIER = com.ngodangtan.InstagramProfileSwiftUI;
				PRODUCT_NAME = "$(TARGET_NAME)";
				SWIFT_VERSION = 5.0;
				TARGETED_DEVICE_FAMILY = "1,2";
			};
			name = Debug;
		};
		D677B557252C56F200F66124 /* Release */ = {
			isa = XCBuildConfiguration;
			buildSettings = {
				ASSETCATALOG_COMPILER_APPICON_NAME = AppIcon;
				ASSETCATALOG_COMPILER_GLOBAL_ACCENT_COLOR_NAME = AccentColor;
				CODE_SIGN_STYLE = Automatic;
				DEVELOPMENT_ASSET_PATHS = "\"InstagramProfileSwiftUI/Preview Content\"";
				DEVELOPMENT_TEAM = ND38VD9UA2;
				ENABLE_PREVIEWS = YES;
				INFOPLIST_FILE = InstagramProfileSwiftUI/Info.plist;
				LD_RUNPATH_SEARCH_PATHS = (
					"$(inherited)",
					"@executable_path/Frameworks",
				);
				PRODUCT_BUNDLE_IDENTIFIER = com.ngodangtan.InstagramProfileSwiftUI;
				PRODUCT_NAME = "$(TARGET_NAME)";
				SWIFT_VERSION = 5.0;
				TARGETED_DEVICE_FAMILY = "1,2";
			};
			name = Release;
		};
/* End XCBuildConfiguration section */

/* Begin XCConfigurationList section */
		D677B53C252C56F100F66124 /* Build configuration list for PBXProject "InstagramProfileSwiftUI" */ = {
			isa = XCConfigurationList;
			buildConfigurations = (
				D677B553252C56F200F66124 /* Debug */,
				D677B554252C56F200F66124 /* Release */,
			);
			defaultConfigurationIsVisible = 0;
			defaultConfigurationName = Release;
		};
		D677B555252C56F200F66124 /* Build configuration list for PBXNativeTarget "InstagramProfileSwiftUI" */ = {
			isa = XCConfigurationList;
			buildConfigurations = (
				D677B556252C56F200F66124 /* Debug */,
				D677B557252C56F200F66124 /* Release */,
			);
			defaultConfigurationIsVisible = 0;
			defaultConfigurationName = Release;
		};
/* End XCConfigurationList section */

/* Begin XCRemoteSwiftPackageReference section */
		D677B564252C5F4000F66124 /* XCRemoteSwiftPackageReference "ASCollectionView" */ = {
			isa = XCRemoteSwiftPackageReference;
			repositoryURL = "https://github.com/apptekstudios/ASCollectionView";
			requirement = {
				kind = upToNextMajorVersion;
				minimumVersion = 1.7.1;
			};
		};
/* End XCRemoteSwiftPackageReference section */

/* Begin XCSwiftPackageProductDependency section */
		D677B565252C5F4000F66124 /* ASCollectionView */ = {
			isa = XCSwiftPackageProductDependency;
			package = D677B564252C5F4000F66124 /* XCRemoteSwiftPackageReference "ASCollectionView" */;
			productName = ASCollectionView;
		};
/* End XCSwiftPackageProductDependency section */
	};
	rootObject = D677B539252C56F100F66124 /* Project object */;
}
